
Microsoft Visual Studio Solution File, Format Version 12.00
# Visual Studio Version 17
VisualStudioVersion = 17.5.33424.131
MinimumVisualStudioVersion = 10.0.40219.1
Project("{9A19103F-16F7-4668-BE54-9A1E7A4F7556}") = "HCI_WebAPI", "HCI_WebAPI\HCI_WebAPI.csproj", "{7D6928AB-0689-4F1E-B8F6-DDADE3410DB5}"
EndProject
Project("{FAE04EC0-301F-11D3-BF4B-00C04F79EFBC}") = "HCI_WebAPI.UnitTests", "HCI_WebAPI.UnitTests\HCI_WebAPI.UnitTests.csproj", "{29CF8085-7B58-4329-ADDD-A313FD7782FD}"
EndProject
Global
	GlobalSection(SolutionConfigurationPlatforms) = preSolution
		Debug|Any CPU = Debug|Any CPU
		Release|Any CPU = Release|Any CPU
	EndGlobalSection
	GlobalSection(ProjectConfigurationPlatforms) = postSolution
		{7D6928AB-0689-4F1E-B8F6-DDADE3410DB5}.Debug|Any CPU.ActiveCfg = Debug|Any CPU
		{7D6928AB-0689-4F1E-B8F6-DDADE3410DB5}.Debug|Any CPU.Build.0 = Debug|Any CPU
		{7D6928AB-0689-4F1E-B8F6-DDADE3410DB5}.Release|Any CPU.ActiveCfg = Release|Any CPU
		{7D6928AB-0689-4F1E-B8F6-DDADE3410DB5}.Release|Any CPU.Build.0 = Release|Any CPU
		{29CF8085-7B58-4329-ADDD-A313FD7782FD}.Debug|Any CPU.ActiveCfg = Debug|Any CPU
		{29CF8085-7B58-4329-ADDD-A313FD7782FD}.Debug|Any CPU.Build.0 = Debug|Any CPU
		{29CF8085-7B58-4329-ADDD-A313FD7782FD}.Release|Any CPU.ActiveCfg = Release|Any CPU
		{29CF8085-7B58-4329-ADDD-A313FD7782FD}.Release|Any CPU.Build.0 = Release|Any CPU
	EndGlobalSection
	GlobalSection(SolutionProperties) = preSolution
		HideSolutionNode = FALSE
	EndGlobalSection
	GlobalSection(ExtensibilityGlobals) = postSolution
		SolutionGuid = {F1A72205-71F5-4F8A-B1A1-E3EC71ABE105}
	EndGlobalSection
EndGlobal
